// !$*UTF8*$!
{
	archiveVersion = 1;
	classes = {
	};
	objectVersion = 56;
	objects = {

/* Begin PBXBuildFile section */
		3F0A5A49295BE94B000427FD /* TXImagePickerController.swift in Sources */ = {isa = PBXBuildFile; fileRef = 3F0A5A48295BE94B000427FD /* TXImagePickerController.swift */; };
		3F0F9E0D295ABE4200DDE7D9 /* TXMediaProtocol.swift in Sources */ = {isa = PBXBuildFile; fileRef = 3F0F9E0C295ABE4200DDE7D9 /* TXMediaProtocol.swift */; };
		3F0F9E0F295ABED700DDE7D9 /* TXMedia.swift in Sources */ = {isa = PBXBuildFile; fileRef = 3F0F9E0E295ABED700DDE7D9 /* TXMedia.swift */; };
		3F5B317929599FFD00A50043 /* RegistrationController.swift in Sources */ = {isa = PBXBuildFile; fileRef = 3F5B317829599FFD00A50043 /* RegistrationController.swift */; };
		3F6B5F592959B0FB009DD624 /* TXGestureRecognizer.swift in Sources */ = {isa = PBXBuildFile; fileRef = 3F6B5F582959B0FB009DD624 /* TXGestureRecognizer.swift */; };
		3FA374B82959B93800F6BA81 /* TXImageButton.swift in Sources */ = {isa = PBXBuildFile; fileRef = 3FA374B72959B93800F6BA81 /* TXImageButton.swift */; };
		3FAB19B42958BB4600D535CB /* TXTextButton.swift in Sources */ = {isa = PBXBuildFile; fileRef = 3FAB19B32958BB4600D535CB /* TXTextButton.swift */; };
		3FCC7A512954CD13001E353F /* AppDelegate.swift in Sources */ = {isa = PBXBuildFile; fileRef = 3FCC7A502954CD13001E353F /* AppDelegate.swift */; };
		3FCC7A532954CD13001E353F /* SceneDelegate.swift in Sources */ = {isa = PBXBuildFile; fileRef = 3FCC7A522954CD13001E353F /* SceneDelegate.swift */; };
		3FCC7A5A2954CD14001E353F /* Assets.xcassets in Resources */ = {isa = PBXBuildFile; fileRef = 3FCC7A592954CD14001E353F /* Assets.xcassets */; };
		3FCC7A5D2954CD14001E353F /* LaunchScreen.storyboard in Resources */ = {isa = PBXBuildFile; fileRef = 3FCC7A5B2954CD14001E353F /* LaunchScreen.storyboard */; };
		3FCC7A6B2954D0C4001E353F /* MainTabController.swift in Sources */ = {isa = PBXBuildFile; fileRef = 3FCC7A6A2954D0C4001E353F /* MainTabController.swift */; };
		3FCC7A6D29554AB2001E353F /* FeedController.swift in Sources */ = {isa = PBXBuildFile; fileRef = 3FCC7A6C29554AB2001E353F /* FeedController.swift */; };
		3FCC7A6F29554AE9001E353F /* ExploreController.swift in Sources */ = {isa = PBXBuildFile; fileRef = 3FCC7A6E29554AE9001E353F /* ExploreController.swift */; };
		3FCC7A7129554AF5001E353F /* NotificationsController.swift in Sources */ = {isa = PBXBuildFile; fileRef = 3FCC7A7029554AF5001E353F /* NotificationsController.swift */; };
		3FCC7A7329554B0D001E353F /* ConversationsController.swift in Sources */ = {isa = PBXBuildFile; fileRef = 3FCC7A7229554B0D001E353F /* ConversationsController.swift */; };
		3FCC7A7829554FE8001E353F /* TXViewControllerX.swift in Sources */ = {isa = PBXBuildFile; fileRef = 3FCC7A7729554FE8001E353F /* TXViewControllerX.swift */; };
		3FCC7A7A2955A128001E353F /* UIViewX.swift in Sources */ = {isa = PBXBuildFile; fileRef = 3FCC7A792955A128001E353F /* UIViewX.swift */; };
		3FCC7A7C2955A692001E353F /* UIColorX.swift in Sources */ = {isa = PBXBuildFile; fileRef = 3FCC7A7B2955A692001E353F /* UIColorX.swift */; };
		3FCC7A822955C09F001E353F /* LoginController.swift in Sources */ = {isa = PBXBuildFile; fileRef = 3FCC7A812955C09F001E353F /* LoginController.swift */; };
		3FCC7A852955CDA1001E353F /* UIViewPositionX.swift in Sources */ = {isa = PBXBuildFile; fileRef = 3FCC7A842955CDA1001E353F /* UIViewPositionX.swift */; };
		3FCC7A872955CDAF001E353F /* UIViewAlignmentX.swift in Sources */ = {isa = PBXBuildFile; fileRef = 3FCC7A862955CDAF001E353F /* UIViewAlignmentX.swift */; };
		3FCC7A892955D065001E353F /* UIViewSizeX.swift in Sources */ = {isa = PBXBuildFile; fileRef = 3FCC7A882955D065001E353F /* UIViewSizeX.swift */; };
		3FCC7A8B2957A53D001E353F /* UIViewMarginX.swift in Sources */ = {isa = PBXBuildFile; fileRef = 3FCC7A8A2957A53D001E353F /* UIViewMarginX.swift */; };
		3FCC7A8E2957ABDE001E353F /* TXTextInputField.swift in Sources */ = {isa = PBXBuildFile; fileRef = 3FCC7A8D2957ABDE001E353F /* TXTextInputField.swift */; };
		3FCC7A9429583FB9001E353F /* TXView.swift in Sources */ = {isa = PBXBuildFile; fileRef = 3FCC7A9329583FB9001E353F /* TXView.swift */; };
		3FCC7A9629583FE8001E353F /* TXViewController.swift in Sources */ = {isa = PBXBuildFile; fileRef = 3FCC7A9529583FE8001E353F /* TXViewController.swift */; };
		3FCC7A9829584025001E353F /* TXTabBarController.swift in Sources */ = {isa = PBXBuildFile; fileRef = 3FCC7A9729584025001E353F /* TXTabBarController.swift */; };
		3FCC7A9A29584070001E353F /* TXImageView.swift in Sources */ = {isa = PBXBuildFile; fileRef = 3FCC7A9929584070001E353F /* TXImageView.swift */; };
		3FCC7A9C295840A0001E353F /* TXTextField.swift in Sources */ = {isa = PBXBuildFile; fileRef = 3FCC7A9B295840A0001E353F /* TXTextField.swift */; };
		3FCC7AA3295854D9001E353F /* TXStackView.swift in Sources */ = {isa = PBXBuildFile; fileRef = 3FCC7AA2295854D9001E353F /* TXStackView.swift */; };
		3FCC7AA529585607001E353F /* TXNavigationController.swift in Sources */ = {isa = PBXBuildFile; fileRef = 3FCC7AA429585607001E353F /* TXNavigationController.swift */; };
		3FCC7AA7295861C3001E353F /* TXButton.swift in Sources */ = {isa = PBXBuildFile; fileRef = 3FCC7AA6295861C3001E353F /* TXButton.swift */; };
		3FEE8F3B2958B30400317CF6 /* TXActionButton.swift in Sources */ = {isa = PBXBuildFile; fileRef = 3FEE8F3A2958B30400317CF6 /* TXActionButton.swift */; };
/* End PBXBuildFile section */

/* Begin PBXFileReference section */
		3F0A5A48295BE94B000427FD /* TXImagePickerController.swift */ = {isa = PBXFileReference; lastKnownFileType = sourcecode.swift; path = TXImagePickerController.swift; sourceTree = "<group>"; };
		3F0F9E0C295ABE4200DDE7D9 /* TXMediaProtocol.swift */ = {isa = PBXFileReference; lastKnownFileType = sourcecode.swift; path = TXMediaProtocol.swift; sourceTree = "<group>"; };
		3F0F9E0E295ABED700DDE7D9 /* TXMedia.swift */ = {isa = PBXFileReference; lastKnownFileType = sourcecode.swift; path = TXMedia.swift; sourceTree = "<group>"; };
		3F5B317829599FFD00A50043 /* RegistrationController.swift */ = {isa = PBXFileReference; lastKnownFileType = sourcecode.swift; path = RegistrationController.swift; sourceTree = "<group>"; };
		3F6B5F582959B0FB009DD624 /* TXGestureRecognizer.swift */ = {isa = PBXFileReference; lastKnownFileType = sourcecode.swift; path = TXGestureRecognizer.swift; sourceTree = "<group>"; };
		3FA374B72959B93800F6BA81 /* TXImageButton.swift */ = {isa = PBXFileReference; lastKnownFileType = sourcecode.swift; path = TXImageButton.swift; sourceTree = "<group>"; };
		3FAB19B32958BB4600D535CB /* TXTextButton.swift */ = {isa = PBXFileReference; lastKnownFileType = sourcecode.swift; path = TXTextButton.swift; sourceTree = "<group>"; };
		3FCC7A4D2954CD12001E353F /* TwitterX.app */ = {isa = PBXFileReference; explicitFileType = wrapper.application; includeInIndex = 0; path = TwitterX.app; sourceTree = BUILT_PRODUCTS_DIR; };
		3FCC7A502954CD13001E353F /* AppDelegate.swift */ = {isa = PBXFileReference; lastKnownFileType = sourcecode.swift; path = AppDelegate.swift; sourceTree = "<group>"; };
		3FCC7A522954CD13001E353F /* SceneDelegate.swift */ = {isa = PBXFileReference; lastKnownFileType = sourcecode.swift; path = SceneDelegate.swift; sourceTree = "<group>"; };
		3FCC7A592954CD14001E353F /* Assets.xcassets */ = {isa = PBXFileReference; lastKnownFileType = folder.assetcatalog; path = Assets.xcassets; sourceTree = "<group>"; };
		3FCC7A5C2954CD14001E353F /* Base */ = {isa = PBXFileReference; lastKnownFileType = file.storyboard; name = Base; path = Base.lproj/LaunchScreen.storyboard; sourceTree = "<group>"; };
		3FCC7A5E2954CD14001E353F /* Info.plist */ = {isa = PBXFileReference; lastKnownFileType = text.plist.xml; path = Info.plist; sourceTree = "<group>"; };
		3FCC7A6A2954D0C4001E353F /* MainTabController.swift */ = {isa = PBXFileReference; lastKnownFileType = sourcecode.swift; path = MainTabController.swift; sourceTree = "<group>"; };
		3FCC7A6C29554AB2001E353F /* FeedController.swift */ = {isa = PBXFileReference; lastKnownFileType = sourcecode.swift; path = FeedController.swift; sourceTree = "<group>"; };
		3FCC7A6E29554AE9001E353F /* ExploreController.swift */ = {isa = PBXFileReference; lastKnownFileType = sourcecode.swift; path = ExploreController.swift; sourceTree = "<group>"; };
		3FCC7A7029554AF5001E353F /* NotificationsController.swift */ = {isa = PBXFileReference; lastKnownFileType = sourcecode.swift; path = NotificationsController.swift; sourceTree = "<group>"; };
		3FCC7A7229554B0D001E353F /* ConversationsController.swift */ = {isa = PBXFileReference; lastKnownFileType = sourcecode.swift; path = ConversationsController.swift; sourceTree = "<group>"; };
		3FCC7A7729554FE8001E353F /* TXViewControllerX.swift */ = {isa = PBXFileReference; lastKnownFileType = sourcecode.swift; path = TXViewControllerX.swift; sourceTree = "<group>"; };
		3FCC7A792955A128001E353F /* UIViewX.swift */ = {isa = PBXFileReference; lastKnownFileType = sourcecode.swift; path = UIViewX.swift; sourceTree = "<group>"; };
		3FCC7A7B2955A692001E353F /* UIColorX.swift */ = {isa = PBXFileReference; lastKnownFileType = sourcecode.swift; path = UIColorX.swift; sourceTree = "<group>"; };
		3FCC7A812955C09F001E353F /* LoginController.swift */ = {isa = PBXFileReference; lastKnownFileType = sourcecode.swift; path = LoginController.swift; sourceTree = "<group>"; };
		3FCC7A842955CDA1001E353F /* UIViewPositionX.swift */ = {isa = PBXFileReference; lastKnownFileType = sourcecode.swift; path = UIViewPositionX.swift; sourceTree = "<group>"; };
		3FCC7A862955CDAF001E353F /* UIViewAlignmentX.swift */ = {isa = PBXFileReference; lastKnownFileType = sourcecode.swift; path = UIViewAlignmentX.swift; sourceTree = "<group>"; };
		3FCC7A882955D065001E353F /* UIViewSizeX.swift */ = {isa = PBXFileReference; lastKnownFileType = sourcecode.swift; path = UIViewSizeX.swift; sourceTree = "<group>"; };
		3FCC7A8A2957A53D001E353F /* UIViewMarginX.swift */ = {isa = PBXFileReference; lastKnownFileType = sourcecode.swift; path = UIViewMarginX.swift; sourceTree = "<group>"; };
		3FCC7A8D2957ABDE001E353F /* TXTextInputField.swift */ = {isa = PBXFileReference; lastKnownFileType = sourcecode.swift; path = TXTextInputField.swift; sourceTree = "<group>"; };
		3FCC7A9329583FB9001E353F /* TXView.swift */ = {isa = PBXFileReference; lastKnownFileType = sourcecode.swift; path = TXView.swift; sourceTree = "<group>"; };
		3FCC7A9529583FE8001E353F /* TXViewController.swift */ = {isa = PBXFileReference; lastKnownFileType = sourcecode.swift; path = TXViewController.swift; sourceTree = "<group>"; };
		3FCC7A9729584025001E353F /* TXTabBarController.swift */ = {isa = PBXFileReference; lastKnownFileType = sourcecode.swift; path = TXTabBarController.swift; sourceTree = "<group>"; };
		3FCC7A9929584070001E353F /* TXImageView.swift */ = {isa = PBXFileReference; lastKnownFileType = sourcecode.swift; path = TXImageView.swift; sourceTree = "<group>"; };
		3FCC7A9B295840A0001E353F /* TXTextField.swift */ = {isa = PBXFileReference; lastKnownFileType = sourcecode.swift; path = TXTextField.swift; sourceTree = "<group>"; };
		3FCC7AA2295854D9001E353F /* TXStackView.swift */ = {isa = PBXFileReference; lastKnownFileType = sourcecode.swift; path = TXStackView.swift; sourceTree = "<group>"; };
		3FCC7AA429585607001E353F /* TXNavigationController.swift */ = {isa = PBXFileReference; lastKnownFileType = sourcecode.swift; path = TXNavigationController.swift; sourceTree = "<group>"; };
		3FCC7AA6295861C3001E353F /* TXButton.swift */ = {isa = PBXFileReference; lastKnownFileType = sourcecode.swift; path = TXButton.swift; sourceTree = "<group>"; };
		3FEE8F3A2958B30400317CF6 /* TXActionButton.swift */ = {isa = PBXFileReference; lastKnownFileType = sourcecode.swift; path = TXActionButton.swift; sourceTree = "<group>"; };
/* End PBXFileReference section */

/* Begin PBXFrameworksBuildPhase section */
		3FCC7A4A2954CD12001E353F /* Frameworks */ = {
			isa = PBXFrameworksBuildPhase;
			buildActionMask = 2147483647;
			files = (
			);
			runOnlyForDeploymentPostprocessing = 0;
		};
/* End PBXFrameworksBuildPhase section */

/* Begin PBXGroup section */
		3F0F9E08295ABDE000DDE7D9 /* Core */ = {
			isa = PBXGroup;
			children = (
				3FDDAB702959FF82009294E6 /* data */,
				3FDDAB6F2959FF74009294E6 /* protocol */,
			);
			path = Core;
			sourceTree = "<group>";
		};
		3F0F9E09295ABDEA00DDE7D9 /* Amenities */ = {
			isa = PBXGroup;
			children = (
				3F0F9E0B295ABE0F00DDE7D9 /* data */,
				3F0F9E0A295ABE0500DDE7D9 /* domain */,
			);
			path = Amenities;
			sourceTree = "<group>";
		};
		3F0F9E0A295ABE0500DDE7D9 /* domain */ = {
			isa = PBXGroup;
			children = (
			);
			path = domain;
			sourceTree = "<group>";
		};
		3F0F9E0B295ABE0F00DDE7D9 /* data */ = {
			isa = PBXGroup;
			children = (
			);
			path = data;
			sourceTree = "<group>";
		};
		3F6B5F572959B09D009DD624 /* Action */ = {
			isa = PBXGroup;
			children = (
				3FCC7AA6295861C3001E353F /* TXButton.swift */,
				3F6B5F582959B0FB009DD624 /* TXGestureRecognizer.swift */,
			);
			path = Action;
			sourceTree = "<group>";
		};
		3FCC7A442954CD12001E353F = {
			isa = PBXGroup;
			children = (
				3FCC7A4F2954CD13001E353F /* TwitterX */,
				3FCC7A4E2954CD12001E353F /* Products */,
			);
			sourceTree = "<group>";
		};
		3FCC7A4E2954CD12001E353F /* Products */ = {
			isa = PBXGroup;
			children = (
				3FCC7A4D2954CD12001E353F /* TwitterX.app */,
			);
			name = Products;
			sourceTree = "<group>";
		};
		3FCC7A4F2954CD13001E353F /* TwitterX */ = {
			isa = PBXGroup;
			children = (
				3FDDAB6E2959FF64009294E6 /* Modules */,
				3FCC7A642954CDCB001E353F /* Model */,
				3FCC7A692954CDF3001E353F /* View */,
				3FCC7A682954CDE5001E353F /* ViewModel */,
				3FCC7A672954CDE2001E353F /* Controller */,
				3FCC7A662954CDDE001E353F /* API */,
				3FCC7A652954CDD9001E353F /* Utils */,
				3FCC7A502954CD13001E353F /* AppDelegate.swift */,
				3FCC7A522954CD13001E353F /* SceneDelegate.swift */,
				3FCC7A9229583F81001E353F /* Files */,
				3FCC7A5E2954CD14001E353F /* Info.plist */,
			);
			path = TwitterX;
			sourceTree = "<group>";
		};
		3FCC7A642954CDCB001E353F /* Model */ = {
			isa = PBXGroup;
			children = (
			);
			path = Model;
			sourceTree = "<group>";
		};
		3FCC7A652954CDD9001E353F /* Utils */ = {
			isa = PBXGroup;
			children = (
				3FCC7A8F29583EDB001E353F /* Custom Classes */,
				3FCC7A7429554FA4001E353F /* Extensions */,
			);
			path = Utils;
			sourceTree = "<group>";
		};
		3FCC7A662954CDDE001E353F /* API */ = {
			isa = PBXGroup;
			children = (
			);
			path = API;
			sourceTree = "<group>";
		};
		3FCC7A672954CDE2001E353F /* Controller */ = {
			isa = PBXGroup;
			children = (
				3FCC7A7E2955C062001E353F /* Authentication */,
				3FCC7A6A2954D0C4001E353F /* MainTabController.swift */,
				3FCC7A6C29554AB2001E353F /* FeedController.swift */,
				3FCC7A6E29554AE9001E353F /* ExploreController.swift */,
				3FCC7A7029554AF5001E353F /* NotificationsController.swift */,
				3FCC7A7229554B0D001E353F /* ConversationsController.swift */,
			);
			path = Controller;
			sourceTree = "<group>";
		};
		3FCC7A682954CDE5001E353F /* ViewModel */ = {
			isa = PBXGroup;
			children = (
			);
			path = ViewModel;
			sourceTree = "<group>";
		};
		3FCC7A692954CDF3001E353F /* View */ = {
			isa = PBXGroup;
			children = (
				3FCC7A8C2957ABB3001E353F /* Core */,
			);
			path = View;
			sourceTree = "<group>";
		};
		3FCC7A7429554FA4001E353F /* Extensions */ = {
			isa = PBXGroup;
			children = (
				3FCC7A7629554FD0001E353F /* Custom */,
				3FCC7A7529554FB4001E353F /* Core */,
			);
			path = Extensions;
			sourceTree = "<group>";
		};
		3FCC7A7529554FB4001E353F /* Core */ = {
			isa = PBXGroup;
			children = (
				3FCC7A7729554FE8001E353F /* TXViewControllerX.swift */,
				3FCC7A832955CD83001E353F /* UIViewX */,
				3FCC7A7B2955A692001E353F /* UIColorX.swift */,
			);
			path = Core;
			sourceTree = "<group>";
		};
		3FCC7A7629554FD0001E353F /* Custom */ = {
			isa = PBXGroup;
			children = (
			);
			path = Custom;
			sourceTree = "<group>";
		};
		3FCC7A7E2955C062001E353F /* Authentication */ = {
			isa = PBXGroup;
			children = (
				3FCC7A812955C09F001E353F /* LoginController.swift */,
				3F5B317829599FFD00A50043 /* RegistrationController.swift */,
			);
			path = Authentication;
			sourceTree = "<group>";
		};
		3FCC7A832955CD83001E353F /* UIViewX */ = {
			isa = PBXGroup;
			children = (
				3FCC7A792955A128001E353F /* UIViewX.swift */,
				3FCC7A842955CDA1001E353F /* UIViewPositionX.swift */,
				3FCC7A8A2957A53D001E353F /* UIViewMarginX.swift */,
				3FCC7A862955CDAF001E353F /* UIViewAlignmentX.swift */,
				3FCC7A882955D065001E353F /* UIViewSizeX.swift */,
			);
			path = UIViewX;
			sourceTree = "<group>";
		};
		3FCC7A8C2957ABB3001E353F /* Core */ = {
			isa = PBXGroup;
			children = (
				3FEE8F392958B2D600317CF6 /* TXButton */,
				3FCC7A8D2957ABDE001E353F /* TXTextInputField.swift */,
			);
			path = Core;
			sourceTree = "<group>";
		};
		3FCC7A8F29583EDB001E353F /* Custom Classes */ = {
			isa = PBXGroup;
			children = (
				3FCC7A9129583F54001E353F /* View */,
				3FCC7A9029583F48001E353F /* Controller */,
				3F6B5F572959B09D009DD624 /* Action */,
				3FCC7A9D2958417F001E353F /* Other */,
			);
			path = "Custom Classes";
			sourceTree = "<group>";
		};
		3FCC7A9029583F48001E353F /* Controller */ = {
			isa = PBXGroup;
			children = (
				3FCC7A9529583FE8001E353F /* TXViewController.swift */,
				3FCC7A9729584025001E353F /* TXTabBarController.swift */,
				3FCC7AA429585607001E353F /* TXNavigationController.swift */,
				3F0A5A48295BE94B000427FD /* TXImagePickerController.swift */,
			);
			path = Controller;
			sourceTree = "<group>";
		};
		3FCC7A9129583F54001E353F /* View */ = {
			isa = PBXGroup;
			children = (
				3FCC7A9329583FB9001E353F /* TXView.swift */,
				3FCC7A9929584070001E353F /* TXImageView.swift */,
				3FCC7A9B295840A0001E353F /* TXTextField.swift */,
				3FCC7AA2295854D9001E353F /* TXStackView.swift */,
			);
			path = View;
			sourceTree = "<group>";
		};
		3FCC7A9229583F81001E353F /* Files */ = {
			isa = PBXGroup;
			children = (
				3FCC7A592954CD14001E353F /* Assets.xcassets */,
				3FCC7A5B2954CD14001E353F /* LaunchScreen.storyboard */,
			);
			path = Files;
			sourceTree = "<group>";
		};
		3FCC7A9D2958417F001E353F /* Other */ = {
			isa = PBXGroup;
			children = (
			);
			path = Other;
			sourceTree = "<group>";
		};
		3FDDAB6E2959FF64009294E6 /* Modules */ = {
			isa = PBXGroup;
			children = (
				3F0F9E09295ABDEA00DDE7D9 /* Amenities */,
				3F0F9E08295ABDE000DDE7D9 /* Core */,
			);
			path = Modules;
			sourceTree = "<group>";
		};
		3FDDAB6F2959FF74009294E6 /* protocol */ = {
			isa = PBXGroup;
			children = (
				3F0F9E0C295ABE4200DDE7D9 /* TXMediaProtocol.swift */,
			);
			path = protocol;
			sourceTree = "<group>";
		};
		3FDDAB702959FF82009294E6 /* data */ = {
			isa = PBXGroup;
			children = (
				3F0F9E0E295ABED700DDE7D9 /* TXMedia.swift */,
			);
			path = data;
			sourceTree = "<group>";
		};
		3FEE8F392958B2D600317CF6 /* TXButton */ = {
			isa = PBXGroup;
			children = (
				3FEE8F3A2958B30400317CF6 /* TXActionButton.swift */,
				3FAB19B32958BB4600D535CB /* TXTextButton.swift */,
				3FA374B72959B93800F6BA81 /* TXImageButton.swift */,
			);
			path = TXButton;
			sourceTree = "<group>";
		};
/* End PBXGroup section */

/* Begin PBXNativeTarget section */
		3FCC7A4C2954CD12001E353F /* TwitterX */ = {
			isa = PBXNativeTarget;
			buildConfigurationList = 3FCC7A612954CD14001E353F /* Build configuration list for PBXNativeTarget "TwitterX" */;
			buildPhases = (
				3FCC7A492954CD12001E353F /* Sources */,
				3FCC7A4A2954CD12001E353F /* Frameworks */,
				3FCC7A4B2954CD12001E353F /* Resources */,
			);
			buildRules = (
			);
			dependencies = (
			);
			name = TwitterX;
			productName = TwitterX;
			productReference = 3FCC7A4D2954CD12001E353F /* TwitterX.app */;
			productType = "com.apple.product-type.application";
		};
/* End PBXNativeTarget section */

/* Begin PBXProject section */
		3FCC7A452954CD12001E353F /* Project object */ = {
			isa = PBXProject;
			attributes = {
				BuildIndependentTargetsInParallel = 1;
				LastSwiftUpdateCheck = 1410;
				LastUpgradeCheck = 1410;
				TargetAttributes = {
					3FCC7A4C2954CD12001E353F = {
						CreatedOnToolsVersion = 14.1;
					};
				};
			};
			buildConfigurationList = 3FCC7A482954CD12001E353F /* Build configuration list for PBXProject "TwitterX" */;
			compatibilityVersion = "Xcode 14.0";
			developmentRegion = en;
			hasScannedForEncodings = 0;
			knownRegions = (
				en,
				Base,
			);
			mainGroup = 3FCC7A442954CD12001E353F;
			productRefGroup = 3FCC7A4E2954CD12001E353F /* Products */;
			projectDirPath = "";
			projectRoot = "";
			targets = (
				3FCC7A4C2954CD12001E353F /* TwitterX */,
			);
		};
/* End PBXProject section */

/* Begin PBXResourcesBuildPhase section */
		3FCC7A4B2954CD12001E353F /* Resources */ = {
			isa = PBXResourcesBuildPhase;
			buildActionMask = 2147483647;
			files = (
				3FCC7A5D2954CD14001E353F /* LaunchScreen.storyboard in Resources */,
				3FCC7A5A2954CD14001E353F /* Assets.xcassets in Resources */,
			);
			runOnlyForDeploymentPostprocessing = 0;
		};
/* End PBXResourcesBuildPhase section */

/* Begin PBXSourcesBuildPhase section */
		3FCC7A492954CD12001E353F /* Sources */ = {
			isa = PBXSourcesBuildPhase;
			buildActionMask = 2147483647;
			files = (
				3FCC7A822955C09F001E353F /* LoginController.swift in Sources */,
				3FCC7A7129554AF5001E353F /* NotificationsController.swift in Sources */,
				3FCC7A9629583FE8001E353F /* TXViewController.swift in Sources */,
				3FCC7A892955D065001E353F /* UIViewSizeX.swift in Sources */,
				3FCC7A7329554B0D001E353F /* ConversationsController.swift in Sources */,
				3FCC7A852955CDA1001E353F /* UIViewPositionX.swift in Sources */,
				3FCC7A9A29584070001E353F /* TXImageView.swift in Sources */,
				3FCC7A512954CD13001E353F /* AppDelegate.swift in Sources */,
				3FA374B82959B93800F6BA81 /* TXImageButton.swift in Sources */,
				3F0A5A49295BE94B000427FD /* TXImagePickerController.swift in Sources */,
				3FCC7A6F29554AE9001E353F /* ExploreController.swift in Sources */,
				3FCC7A9429583FB9001E353F /* TXView.swift in Sources */,
				3F0F9E0F295ABED700DDE7D9 /* TXMedia.swift in Sources */,
				3F5B317929599FFD00A50043 /* RegistrationController.swift in Sources */,
				3FCC7A7C2955A692001E353F /* UIColorX.swift in Sources */,
				3FCC7A9C295840A0001E353F /* TXTextField.swift in Sources */,
				3FAB19B42958BB4600D535CB /* TXTextButton.swift in Sources */,
				3FCC7A8E2957ABDE001E353F /* TXTextInputField.swift in Sources */,
				3F6B5F592959B0FB009DD624 /* TXGestureRecognizer.swift in Sources */,
				3FCC7AA3295854D9001E353F /* TXStackView.swift in Sources */,
				3F0F9E0D295ABE4200DDE7D9 /* TXMediaProtocol.swift in Sources */,
				3FCC7AA529585607001E353F /* TXNavigationController.swift in Sources */,
				3FCC7A532954CD13001E353F /* SceneDelegate.swift in Sources */,
				3FCC7A6B2954D0C4001E353F /* MainTabController.swift in Sources */,
				3FCC7AA7295861C3001E353F /* TXButton.swift in Sources */,
				3FCC7A9829584025001E353F /* TXTabBarController.swift in Sources */,
				3FCC7A6D29554AB2001E353F /* FeedController.swift in Sources */,
				3FCC7A872955CDAF001E353F /* UIViewAlignmentX.swift in Sources */,
				3FCC7A8B2957A53D001E353F /* UIViewMarginX.swift in Sources */,
				3FEE8F3B2958B30400317CF6 /* TXActionButton.swift in Sources */,
				3FCC7A7829554FE8001E353F /* TXViewControllerX.swift in Sources */,
				3FCC7A7A2955A128001E353F /* UIViewX.swift in Sources */,
			);
			runOnlyForDeploymentPostprocessing = 0;
		};
/* End PBXSourcesBuildPhase section */

/* Begin PBXVariantGroup section */
		3FCC7A5B2954CD14001E353F /* LaunchScreen.storyboard */ = {
			isa = PBXVariantGroup;
			children = (
				3FCC7A5C2954CD14001E353F /* Base */,
			);
			name = LaunchScreen.storyboard;
			sourceTree = "<group>";
		};
/* End PBXVariantGroup section */

/* Begin XCBuildConfiguration section */
		3FCC7A5F2954CD14001E353F /* Debug */ = {
			isa = XCBuildConfiguration;
			buildSettings = {
				ALWAYS_SEARCH_USER_PATHS = NO;
				CLANG_ANALYZER_NONNULL = YES;
				CLANG_ANALYZER_NUMBER_OBJECT_CONVERSION = YES_AGGRESSIVE;
				CLANG_CXX_LANGUAGE_STANDARD = "gnu++20";
				CLANG_ENABLE_MODULES = YES;
				CLANG_ENABLE_OBJC_ARC = YES;
				CLANG_ENABLE_OBJC_WEAK = YES;
				CLANG_WARN_BLOCK_CAPTURE_AUTORELEASING = YES;
				CLANG_WARN_BOOL_CONVERSION = YES;
				CLANG_WARN_COMMA = YES;
				CLANG_WARN_CONSTANT_CONVERSION = YES;
				CLANG_WARN_DEPRECATED_OBJC_IMPLEMENTATIONS = YES;
				CLANG_WARN_DIRECT_OBJC_ISA_USAGE = YES_ERROR;
				CLANG_WARN_DOCUMENTATION_COMMENTS = YES;
				CLANG_WARN_EMPTY_BODY = YES;
				CLANG_WARN_ENUM_CONVERSION = YES;
				CLANG_WARN_INFINITE_RECURSION = YES;
				CLANG_WARN_INT_CONVERSION = YES;
				CLANG_WARN_NON_LITERAL_NULL_CONVERSION = YES;
				CLANG_WARN_OBJC_IMPLICIT_RETAIN_SELF = YES;
				CLANG_WARN_OBJC_LITERAL_CONVERSION = YES;
				CLANG_WARN_OBJC_ROOT_CLASS = YES_ERROR;
				CLANG_WARN_QUOTED_INCLUDE_IN_FRAMEWORK_HEADER = YES;
				CLANG_WARN_RANGE_LOOP_ANALYSIS = YES;
				CLANG_WARN_STRICT_PROTOTYPES = YES;
				CLANG_WARN_SUSPICIOUS_MOVE = YES;
				CLANG_WARN_UNGUARDED_AVAILABILITY = YES_AGGRESSIVE;
				CLANG_WARN_UNREACHABLE_CODE = YES;
				CLANG_WARN__DUPLICATE_METHOD_MATCH = YES;
				COPY_PHASE_STRIP = NO;
				DEBUG_INFORMATION_FORMAT = dwarf;
				ENABLE_STRICT_OBJC_MSGSEND = YES;
				ENABLE_TESTABILITY = YES;
				GCC_C_LANGUAGE_STANDARD = gnu11;
				GCC_DYNAMIC_NO_PIC = NO;
				GCC_NO_COMMON_BLOCKS = YES;
				GCC_OPTIMIZATION_LEVEL = 0;
				GCC_PREPROCESSOR_DEFINITIONS = (
					"DEBUG=1",
					"$(inherited)",
				);
				GCC_WARN_64_TO_32_BIT_CONVERSION = YES;
				GCC_WARN_ABOUT_RETURN_TYPE = YES_ERROR;
				GCC_WARN_UNDECLARED_SELECTOR = YES;
				GCC_WARN_UNINITIALIZED_AUTOS = YES_AGGRESSIVE;
				GCC_WARN_UNUSED_FUNCTION = YES;
				GCC_WARN_UNUSED_VARIABLE = YES;
				IPHONEOS_DEPLOYMENT_TARGET = 16.1;
				MTL_ENABLE_DEBUG_INFO = INCLUDE_SOURCE;
				MTL_FAST_MATH = YES;
				ONLY_ACTIVE_ARCH = YES;
				SDKROOT = iphoneos;
				SWIFT_ACTIVE_COMPILATION_CONDITIONS = DEBUG;
				SWIFT_OPTIMIZATION_LEVEL = "-Onone";
			};
			name = Debug;
		};
		3FCC7A602954CD14001E353F /* Release */ = {
			isa = XCBuildConfiguration;
			buildSettings = {
				ALWAYS_SEARCH_USER_PATHS = NO;
				CLANG_ANALYZER_NONNULL = YES;
				CLANG_ANALYZER_NUMBER_OBJECT_CONVERSION = YES_AGGRESSIVE;
				CLANG_CXX_LANGUAGE_STANDARD = "gnu++20";
				CLANG_ENABLE_MODULES = YES;
				CLANG_ENABLE_OBJC_ARC = YES;
				CLANG_ENABLE_OBJC_WEAK = YES;
				CLANG_WARN_BLOCK_CAPTURE_AUTORELEASING = YES;
				CLANG_WARN_BOOL_CONVERSION = YES;
				CLANG_WARN_COMMA = YES;
				CLANG_WARN_CONSTANT_CONVERSION = YES;
				CLANG_WARN_DEPRECATED_OBJC_IMPLEMENTATIONS = YES;
				CLANG_WARN_DIRECT_OBJC_ISA_USAGE = YES_ERROR;
				CLANG_WARN_DOCUMENTATION_COMMENTS = YES;
				CLANG_WARN_EMPTY_BODY = YES;
				CLANG_WARN_ENUM_CONVERSION = YES;
				CLANG_WARN_INFINITE_RECURSION = YES;
				CLANG_WARN_INT_CONVERSION = YES;
				CLANG_WARN_NON_LITERAL_NULL_CONVERSION = YES;
				CLANG_WARN_OBJC_IMPLICIT_RETAIN_SELF = YES;
				CLANG_WARN_OBJC_LITERAL_CONVERSION = YES;
				CLANG_WARN_OBJC_ROOT_CLASS = YES_ERROR;
				CLANG_WARN_QUOTED_INCLUDE_IN_FRAMEWORK_HEADER = YES;
				CLANG_WARN_RANGE_LOOP_ANALYSIS = YES;
				CLANG_WARN_STRICT_PROTOTYPES = YES;
				CLANG_WARN_SUSPICIOUS_MOVE = YES;
				CLANG_WARN_UNGUARDED_AVAILABILITY = YES_AGGRESSIVE;
				CLANG_WARN_UNREACHABLE_CODE = YES;
				CLANG_WARN__DUPLICATE_METHOD_MATCH = YES;
				COPY_PHASE_STRIP = NO;
				DEBUG_INFORMATION_FORMAT = "dwarf-with-dsym";
				ENABLE_NS_ASSERTIONS = NO;
				ENABLE_STRICT_OBJC_MSGSEND = YES;
				GCC_C_LANGUAGE_STANDARD = gnu11;
				GCC_NO_COMMON_BLOCKS = YES;
				GCC_WARN_64_TO_32_BIT_CONVERSION = YES;
				GCC_WARN_ABOUT_RETURN_TYPE = YES_ERROR;
				GCC_WARN_UNDECLARED_SELECTOR = YES;
				GCC_WARN_UNINITIALIZED_AUTOS = YES_AGGRESSIVE;
				GCC_WARN_UNUSED_FUNCTION = YES;
				GCC_WARN_UNUSED_VARIABLE = YES;
				IPHONEOS_DEPLOYMENT_TARGET = 16.1;
				MTL_ENABLE_DEBUG_INFO = NO;
				MTL_FAST_MATH = YES;
				SDKROOT = iphoneos;
				SWIFT_COMPILATION_MODE = wholemodule;
				SWIFT_OPTIMIZATION_LEVEL = "-O";
				VALIDATE_PRODUCT = YES;
			};
			name = Release;
		};
		3FCC7A622954CD14001E353F /* Debug */ = {
			isa = XCBuildConfiguration;
			buildSettings = {
				ASSETCATALOG_COMPILER_APPICON_NAME = AppIcon;
				ASSETCATALOG_COMPILER_GLOBAL_ACCENT_COLOR_NAME = AccentColor;
				CODE_SIGN_STYLE = Automatic;
				CURRENT_PROJECT_VERSION = 1;
				DEVELOPMENT_TEAM = A8UY3TWU46;
				GENERATE_INFOPLIST_FILE = YES;
				INFOPLIST_FILE = TwitterX/Info.plist;
				INFOPLIST_KEY_UIApplicationSupportsIndirectInputEvents = YES;
				INFOPLIST_KEY_UILaunchStoryboardName = LaunchScreen;
				INFOPLIST_KEY_UISupportedInterfaceOrientations_iPad = "UIInterfaceOrientationPortrait UIInterfaceOrientationPortraitUpsideDown UIInterfaceOrientationLandscapeLeft UIInterfaceOrientationLandscapeRight";
				INFOPLIST_KEY_UISupportedInterfaceOrientations_iPhone = "UIInterfaceOrientationPortrait UIInterfaceOrientationLandscapeLeft UIInterfaceOrientationLandscapeRight";
				IPHONEOS_DEPLOYMENT_TARGET = 16.0;
				LD_RUNPATH_SEARCH_PATHS = (
					"$(inherited)",
					"@executable_path/Frameworks",
				);
				MARKETING_VERSION = 1.0;
				PRODUCT_BUNDLE_IDENTIFIER = com.sourav.TwitterX;
				PRODUCT_NAME = "$(TARGET_NAME)";
				SWIFT_EMIT_LOC_STRINGS = YES;
				SWIFT_VERSION = 5.0;
				TARGETED_DEVICE_FAMILY = "1,2";
			};
			name = Debug;
		};
		3FCC7A632954CD14001E353F /* Release */ = {
			isa = XCBuildConfiguration;
			buildSettings = {
				ASSETCATALOG_COMPILER_APPICON_NAME = AppIcon;
				ASSETCATALOG_COMPILER_GLOBAL_ACCENT_COLOR_NAME = AccentColor;
				CODE_SIGN_STYLE = Automatic;
				CURRENT_PROJECT_VERSION = 1;
				DEVELOPMENT_TEAM = A8UY3TWU46;
				GENERATE_INFOPLIST_FILE = YES;
				INFOPLIST_FILE = TwitterX/Info.plist;
				INFOPLIST_KEY_UIApplicationSupportsIndirectInputEvents = YES;
				INFOPLIST_KEY_UILaunchStoryboardName = LaunchScreen;
				INFOPLIST_KEY_UISupportedInterfaceOrientations_iPad = "UIInterfaceOrientationPortrait UIInterfaceOrientationPortraitUpsideDown UIInterfaceOrientationLandscapeLeft UIInterfaceOrientationLandscapeRight";
				INFOPLIST_KEY_UISupportedInterfaceOrientations_iPhone = "UIInterfaceOrientationPortrait UIInterfaceOrientationLandscapeLeft UIInterfaceOrientationLandscapeRight";
				IPHONEOS_DEPLOYMENT_TARGET = 16.0;
				LD_RUNPATH_SEARCH_PATHS = (
					"$(inherited)",
					"@executable_path/Frameworks",
				);
				MARKETING_VERSION = 1.0;
				PRODUCT_BUNDLE_IDENTIFIER = com.sourav.TwitterX;
				PRODUCT_NAME = "$(TARGET_NAME)";
				SWIFT_EMIT_LOC_STRINGS = YES;
				SWIFT_VERSION = 5.0;
				TARGETED_DEVICE_FAMILY = "1,2";
			};
			name = Release;
		};
/* End XCBuildConfiguration section */

/* Begin XCConfigurationList section */
		3FCC7A482954CD12001E353F /* Build configuration list for PBXProject "TwitterX" */ = {
			isa = XCConfigurationList;
			buildConfigurations = (
				3FCC7A5F2954CD14001E353F /* Debug */,
				3FCC7A602954CD14001E353F /* Release */,
			);
			defaultConfigurationIsVisible = 0;
			defaultConfigurationName = Release;
		};
		3FCC7A612954CD14001E353F /* Build configuration list for PBXNativeTarget "TwitterX" */ = {
			isa = XCConfigurationList;
			buildConfigurations = (
				3FCC7A622954CD14001E353F /* Debug */,
				3FCC7A632954CD14001E353F /* Release */,
			);
			defaultConfigurationIsVisible = 0;
			defaultConfigurationName = Release;
		};
/* End XCConfigurationList section */
	};
	rootObject = 3FCC7A452954CD12001E353F /* Project object */;
}
